
Microsoft Visual Studio Solution File, Format Version 12.00
# Visual Studio Version 17
VisualStudioVersion = 17.2.32519.379
MinimumVisualStudioVersion = 10.0.40219.1
Project("{FAE04EC0-301F-11D3-BF4B-00C04F79EFBC}") = "BankingTask.API", "BankingTask.API\BankingTask.API.csproj", "{1B19F9E9-0056-486A-B716-86F30C5C50D6}"
EndProject
Global
	GlobalSection(SolutionConfigurationPlatforms) = preSolution
		Debug|Any CPU = Debug|Any CPU
		Release|Any CPU = Release|Any CPU
	EndGlobalSection
	GlobalSection(ProjectConfigurationPlatforms) = postSolution
		{1B19F9E9-0056-486A-B716-86F30C5C50D6}.Debug|Any CPU.ActiveCfg = Debug|Any CPU
		{1B19F9E9-0056-486A-B716-86F30C5C50D6}.Debug|Any CPU.Build.0 = Debug|Any CPU
		{1B19F9E9-0056-486A-B716-86F30C5C50D6}.Release|Any CPU.ActiveCfg = Release|Any CPU
		{1B19F9E9-0056-486A-B716-86F30C5C50D6}.Release|Any CPU.Build.0 = Release|Any CPU
	EndGlobalSection
	GlobalSection(SolutionProperties) = preSolution
		HideSolutionNode = FALSE
	EndGlobalSection
	GlobalSection(ExtensibilityGlobals) = postSolution
		SolutionGuid = {0D51D9E6-9808-4A79-8690-A4BA05ECF791}
	EndGlobalSection
EndGlobal
